// !$*UTF8*$!
{
	archiveVersion = 1;
	classes = {
	};
	objectVersion = 50;
	objects = {

/* Begin PBXBuildFile section */
		39A940E52293F0840037A9E8 /* AppDelegate.swift in Sources */ = {isa = PBXBuildFile; fileRef = 39A940E42293F0840037A9E8 /* AppDelegate.swift */; };
		39A940E72293F0840037A9E8 /* ViewController.swift in Sources */ = {isa = PBXBuildFile; fileRef = 39A940E62293F0840037A9E8 /* ViewController.swift */; };
		39A940EA2293F0840037A9E8 /* Main.storyboard in Resources */ = {isa = PBXBuildFile; fileRef = 39A940E82293F0840037A9E8 /* Main.storyboard */; };
		39A940EC2293F0840037A9E8 /* Assets.xcassets in Resources */ = {isa = PBXBuildFile; fileRef = 39A940EB2293F0840037A9E8 /* Assets.xcassets */; };
		39A940EF2293F0840037A9E8 /* LaunchScreen.storyboard in Resources */ = {isa = PBXBuildFile; fileRef = 39A940ED2293F0840037A9E8 /* LaunchScreen.storyboard */; };
		39A940FA2293F0840037A9E8 /* Landmark_Image_BookTests.swift in Sources */ = {isa = PBXBuildFile; fileRef = 39A940F92293F0840037A9E8 /* Landmark_Image_BookTests.swift */; };
		39A941052293F0840037A9E8 /* Landmark_Image_BookUITests.swift in Sources */ = {isa = PBXBuildFile; fileRef = 39A941042293F0840037A9E8 /* Landmark_Image_BookUITests.swift */; };
		39A941172293F2A80037A9E8 /* TajMahal.jpg in Resources */ = {isa = PBXBuildFile; fileRef = 39A941122293F2A70037A9E8 /* TajMahal.jpg */; };
		39A9411A2293F2A80037A9E8 /* stonehenge.jpg in Resources */ = {isa = PBXBuildFile; fileRef = 39A941152293F2A80037A9E8 /* stonehenge.jpg */; };
		39A9411B2293F2A80037A9E8 /* louvre.jpg in Resources */ = {isa = PBXBuildFile; fileRef = 39A941162293F2A80037A9E8 /* louvre.jpg */; };
		39A9411D2293F6850037A9E8 /* colisée.jpg in Resources */ = {isa = PBXBuildFile; fileRef = 39A9411C2293F6850037A9E8 /* colisée.jpg */; };
		39A9411F2293F6BE0037A9E8 /* kremlin.jpeg in Resources */ = {isa = PBXBuildFile; fileRef = 39A9411E2293F6BE0037A9E8 /* kremlin.jpeg */; };
		39A941212293FB180037A9E8 /* ImageViewController.swift in Sources */ = {isa = PBXBuildFile; fileRef = 39A941202293FB180037A9E8 /* ImageViewController.swift */; };
/* End PBXBuildFile section */

/* Begin PBXContainerItemProxy section */
		39A940F62293F0840037A9E8 /* PBXContainerItemProxy */ = {
			isa = PBXContainerItemProxy;
			containerPortal = 39A940D92293F0840037A9E8 /* Project object */;
			proxyType = 1;
			remoteGlobalIDString = 39A940E02293F0840037A9E8;
			remoteInfo = "Landmark Image Book";
		};
		39A941012293F0840037A9E8 /* PBXContainerItemProxy */ = {
			isa = PBXContainerItemProxy;
			containerPortal = 39A940D92293F0840037A9E8 /* Project object */;
			proxyType = 1;
			remoteGlobalIDString = 39A940E02293F0840037A9E8;
			remoteInfo = "Landmark Image Book";
		};
/* End PBXContainerItemProxy section */

/* Begin PBXFileReference section */
		39A940E12293F0840037A9E8 /* Landmark Image Book.app */ = {isa = PBXFileReference; explicitFileType = wrapper.application; includeInIndex = 0; path = "Landmark Image Book.app"; sourceTree = BUILT_PRODUCTS_DIR; };
		39A940E42293F0840037A9E8 /* AppDelegate.swift */ = {isa = PBXFileReference; lastKnownFileType = sourcecode.swift; path = AppDelegate.swift; sourceTree = "<group>"; };
		39A940E62293F0840037A9E8 /* ViewController.swift */ = {isa = PBXFileReference; lastKnownFileType = sourcecode.swift; path = ViewController.swift; sourceTree = "<group>"; };
		39A940E92293F0840037A9E8 /* Base */ = {isa = PBXFileReference; lastKnownFileType = file.storyboard; name = Base; path = Base.lproj/Main.storyboard; sourceTree = "<group>"; };
		39A940EB2293F0840037A9E8 /* Assets.xcassets */ = {isa = PBXFileReference; lastKnownFileType = folder.assetcatalog; path = Assets.xcassets; sourceTree = "<group>"; };
		39A940EE2293F0840037A9E8 /* Base */ = {isa = PBXFileReference; lastKnownFileType = file.storyboard; name = Base; path = Base.lproj/LaunchScreen.storyboard; sourceTree = "<group>"; };
		39A940F02293F0840037A9E8 /* Info.plist */ = {isa = PBXFileReference; lastKnownFileType = text.plist.xml; path = Info.plist; sourceTree = "<group>"; };
		39A940F52293F0840037A9E8 /* Landmark Image BookTests.xctest */ = {isa = PBXFileReference; explicitFileType = wrapper.cfbundle; includeInIndex = 0; path = "Landmark Image BookTests.xctest"; sourceTree = BUILT_PRODUCTS_DIR; };
		39A940F92293F0840037A9E8 /* Landmark_Image_BookTests.swift */ = {isa = PBXFileReference; lastKnownFileType = sourcecode.swift; path = Landmark_Image_BookTests.swift; sourceTree = "<group>"; };
		39A940FB2293F0840037A9E8 /* Info.plist */ = {isa = PBXFileReference; lastKnownFileType = text.plist.xml; path = Info.plist; sourceTree = "<group>"; };
		39A941002293F0840037A9E8 /* Landmark Image BookUITests.xctest */ = {isa = PBXFileReference; explicitFileType = wrapper.cfbundle; includeInIndex = 0; path = "Landmark Image BookUITests.xctest"; sourceTree = BUILT_PRODUCTS_DIR; };
		39A941042293F0840037A9E8 /* Landmark_Image_BookUITests.swift */ = {isa = PBXFileReference; lastKnownFileType = sourcecode.swift; path = Landmark_Image_BookUITests.swift; sourceTree = "<group>"; };
		39A941062293F0840037A9E8 /* Info.plist */ = {isa = PBXFileReference; lastKnownFileType = text.plist.xml; path = Info.plist; sourceTree = "<group>"; };
		39A941122293F2A70037A9E8 /* TajMahal.jpg */ = {isa = PBXFileReference; lastKnownFileType = image.jpeg; path = TajMahal.jpg; sourceTree = "<group>"; };
		39A941152293F2A80037A9E8 /* stonehenge.jpg */ = {isa = PBXFileReference; lastKnownFileType = image.jpeg; path = stonehenge.jpg; sourceTree = "<group>"; };
		39A941162293F2A80037A9E8 /* louvre.jpg */ = {isa = PBXFileReference; lastKnownFileType = image.jpeg; path = louvre.jpg; sourceTree = "<group>"; };
		39A9411C2293F6850037A9E8 /* colisée.jpg */ = {isa = PBXFileReference; lastKnownFileType = image.jpeg; path = "colisée.jpg"; sourceTree = "<group>"; };
		39A9411E2293F6BE0037A9E8 /* kremlin.jpeg */ = {isa = PBXFileReference; lastKnownFileType = image.jpeg; path = kremlin.jpeg; sourceTree = "<group>"; };
		39A941202293FB180037A9E8 /* ImageViewController.swift */ = {isa = PBXFileReference; lastKnownFileType = sourcecode.swift; path = ImageViewController.swift; sourceTree = "<group>"; };
/* End PBXFileReference section */

/* Begin PBXFrameworksBuildPhase section */
		39A940DE2293F0840037A9E8 /* Frameworks */ = {
			isa = PBXFrameworksBuildPhase;
			buildActionMask = 2147483647;
			files = (
			);
			runOnlyForDeploymentPostprocessing = 0;
		};
		39A940F22293F0840037A9E8 /* Frameworks */ = {
			isa = PBXFrameworksBuildPhase;
			buildActionMask = 2147483647;
			files = (
			);
			runOnlyForDeploymentPostprocessing = 0;
		};
		39A940FD2293F0840037A9E8 /* Frameworks */ = {
			isa = PBXFrameworksBuildPhase;
			buildActionMask = 2147483647;
			files = (
			);
			runOnlyForDeploymentPostprocessing = 0;
		};
/* End PBXFrameworksBuildPhase section */

/* Begin PBXGroup section */
		39A940D82293F0840037A9E8 = {
			isa = PBXGroup;
			children = (
				39A940E32293F0840037A9E8 /* Landmark Image Book */,
				39A940F82293F0840037A9E8 /* Landmark Image BookTests */,
				39A941032293F0840037A9E8 /* Landmark Image BookUITests */,
				39A940E22293F0840037A9E8 /* Products */,
			);
			sourceTree = "<group>";
		};
		39A940E22293F0840037A9E8 /* Products */ = {
			isa = PBXGroup;
			children = (
				39A940E12293F0840037A9E8 /* Landmark Image Book.app */,
				39A940F52293F0840037A9E8 /* Landmark Image BookTests.xctest */,
				39A941002293F0840037A9E8 /* Landmark Image BookUITests.xctest */,
			);
			name = Products;
			sourceTree = "<group>";
		};
		39A940E32293F0840037A9E8 /* Landmark Image Book */ = {
			isa = PBXGroup;
			children = (
				39A940E42293F0840037A9E8 /* AppDelegate.swift */,
				39A940E62293F0840037A9E8 /* ViewController.swift */,
				39A9411C2293F6850037A9E8 /* colisée.jpg */,
				39A941162293F2A80037A9E8 /* louvre.jpg */,
				39A9411E2293F6BE0037A9E8 /* kremlin.jpeg */,
				39A941152293F2A80037A9E8 /* stonehenge.jpg */,
				39A941122293F2A70037A9E8 /* TajMahal.jpg */,
				39A940E82293F0840037A9E8 /* Main.storyboard */,
				39A941202293FB180037A9E8 /* ImageViewController.swift */,
				39A940EB2293F0840037A9E8 /* Assets.xcassets */,
				39A940ED2293F0840037A9E8 /* LaunchScreen.storyboard */,
				39A940F02293F0840037A9E8 /* Info.plist */,
			);
			path = "Landmark Image Book";
			sourceTree = "<group>";
		};
		39A940F82293F0840037A9E8 /* Landmark Image BookTests */ = {
			isa = PBXGroup;
			children = (
				39A940F92293F0840037A9E8 /* Landmark_Image_BookTests.swift */,
				39A940FB2293F0840037A9E8 /* Info.plist */,
			);
			path = "Landmark Image BookTests";
			sourceTree = "<group>";
		};
		39A941032293F0840037A9E8 /* Landmark Image BookUITests */ = {
			isa = PBXGroup;
			children = (
				39A941042293F0840037A9E8 /* Landmark_Image_BookUITests.swift */,
				39A941062293F0840037A9E8 /* Info.plist */,
			);
			path = "Landmark Image BookUITests";
			sourceTree = "<group>";
		};
/* End PBXGroup section */

/* Begin PBXNativeTarget section */
		39A940E02293F0840037A9E8 /* Landmark Image Book */ = {
			isa = PBXNativeTarget;
			buildConfigurationList = 39A941092293F0840037A9E8 /* Build configuration list for PBXNativeTarget "Landmark Image Book" */;
			buildPhases = (
				39A940DD2293F0840037A9E8 /* Sources */,
				39A940DE2293F0840037A9E8 /* Frameworks */,
				39A940DF2293F0840037A9E8 /* Resources */,
			);
			buildRules = (
			);
			dependencies = (
			);
			name = "Landmark Image Book";
			productName = "Landmark Image Book";
			productReference = 39A940E12293F0840037A9E8 /* Landmark Image Book.app */;
			productType = "com.apple.product-type.application";
		};
		39A940F42293F0840037A9E8 /* Landmark Image BookTests */ = {
			isa = PBXNativeTarget;
			buildConfigurationList = 39A9410C2293F0840037A9E8 /* Build configuration list for PBXNativeTarget "Landmark Image BookTests" */;
			buildPhases = (
				39A940F12293F0840037A9E8 /* Sources */,
				39A940F22293F0840037A9E8 /* Frameworks */,
				39A940F32293F0840037A9E8 /* Resources */,
			);
			buildRules = (
			);
			dependencies = (
				39A940F72293F0840037A9E8 /* PBXTargetDependency */,
			);
			name = "Landmark Image BookTests";
			productName = "Landmark Image BookTests";
			productReference = 39A940F52293F0840037A9E8 /* Landmark Image BookTests.xctest */;
			productType = "com.apple.product-type.bundle.unit-test";
		};
		39A940FF2293F0840037A9E8 /* Landmark Image BookUITests */ = {
			isa = PBXNativeTarget;
			buildConfigurationList = 39A9410F2293F0840037A9E8 /* Build configuration list for PBXNativeTarget "Landmark Image BookUITests" */;
			buildPhases = (
				39A940FC2293F0840037A9E8 /* Sources */,
				39A940FD2293F0840037A9E8 /* Frameworks */,
				39A940FE2293F0840037A9E8 /* Resources */,
			);
			buildRules = (
			);
			dependencies = (
				39A941022293F0840037A9E8 /* PBXTargetDependency */,
			);
			name = "Landmark Image BookUITests";
			productName = "Landmark Image BookUITests";
			productReference = 39A941002293F0840037A9E8 /* Landmark Image BookUITests.xctest */;
			productType = "com.apple.product-type.bundle.ui-testing";
		};
/* End PBXNativeTarget section */

/* Begin PBXProject section */
		39A940D92293F0840037A9E8 /* Project object */ = {
			isa = PBXProject;
			attributes = {
				LastSwiftUpdateCheck = 1010;
				LastUpgradeCheck = 1010;
				ORGANIZATIONNAME = "MAC-DIN-002";
				TargetAttributes = {
					39A940E02293F0840037A9E8 = {
						CreatedOnToolsVersion = 10.1;
					};
					39A940F42293F0840037A9E8 = {
						CreatedOnToolsVersion = 10.1;
						TestTargetID = 39A940E02293F0840037A9E8;
					};
					39A940FF2293F0840037A9E8 = {
						CreatedOnToolsVersion = 10.1;
						TestTargetID = 39A940E02293F0840037A9E8;
					};
				};
			};
			buildConfigurationList = 39A940DC2293F0840037A9E8 /* Build configuration list for PBXProject "Landmark Image Book" */;
			compatibilityVersion = "Xcode 9.3";
			developmentRegion = en;
			hasScannedForEncodings = 0;
			knownRegions = (
				en,
				Base,
			);
			mainGroup = 39A940D82293F0840037A9E8;
			productRefGroup = 39A940E22293F0840037A9E8 /* Products */;
			projectDirPath = "";
			projectRoot = "";
			targets = (
				39A940E02293F0840037A9E8 /* Landmark Image Book */,
				39A940F42293F0840037A9E8 /* Landmark Image BookTests */,
				39A940FF2293F0840037A9E8 /* Landmark Image BookUITests */,
			);
		};
/* End PBXProject section */

/* Begin PBXResourcesBuildPhase section */
		39A940DF2293F0840037A9E8 /* Resources */ = {
			isa = PBXResourcesBuildPhase;
			buildActionMask = 2147483647;
			files = (
				39A9411A2293F2A80037A9E8 /* stonehenge.jpg in Resources */,
				39A940EF2293F0840037A9E8 /* LaunchScreen.storyboard in Resources */,
				39A941172293F2A80037A9E8 /* TajMahal.jpg in Resources */,
				39A940EC2293F0840037A9E8 /* Assets.xcassets in Resources */,
				39A9411D2293F6850037A9E8 /* colisée.jpg in Resources */,
				39A9411F2293F6BE0037A9E8 /* kremlin.jpeg in Resources */,
				39A940EA2293F0840037A9E8 /* Main.storyboard in Resources */,
				39A9411B2293F2A80037A9E8 /* louvre.jpg in Resources */,
			);
			runOnlyForDeploymentPostprocessing = 0;
		};
		39A940F32293F0840037A9E8 /* Resources */ = {
			isa = PBXResourcesBuildPhase;
			buildActionMask = 2147483647;
			files = (
			);
			runOnlyForDeploymentPostprocessing = 0;
		};
		39A940FE2293F0840037A9E8 /* Resources */ = {
			isa = PBXResourcesBuildPhase;
			buildActionMask = 2147483647;
			files = (
			);
			runOnlyForDeploymentPostprocessing = 0;
		};
/* End PBXResourcesBuildPhase section */

/* Begin PBXSourcesBuildPhase section */
		39A940DD2293F0840037A9E8 /* Sources */ = {
			isa = PBXSourcesBuildPhase;
			buildActionMask = 2147483647;
			files = (
				39A940E72293F0840037A9E8 /* ViewController.swift in Sources */,
				39A941212293FB180037A9E8 /* ImageViewController.swift in Sources */,
				39A940E52293F0840037A9E8 /* AppDelegate.swift in Sources */,
			);
			runOnlyForDeploymentPostprocessing = 0;
		};
		39A940F12293F0840037A9E8 /* Sources */ = {
			isa = PBXSourcesBuildPhase;
			buildActionMask = 2147483647;
			files = (
				39A940FA2293F0840037A9E8 /* Landmark_Image_BookTests.swift in Sources */,
			);
			runOnlyForDeploymentPostprocessing = 0;
		};
		39A940FC2293F0840037A9E8 /* Sources */ = {
			isa = PBXSourcesBuildPhase;
			buildActionMask = 2147483647;
			files = (
				39A941052293F0840037A9E8 /* Landmark_Image_BookUITests.swift in Sources */,
			);
			runOnlyForDeploymentPostprocessing = 0;
		};
/* End PBXSourcesBuildPhase section */

/* Begin PBXTargetDependency section */
		39A940F72293F0840037A9E8 /* PBXTargetDependency */ = {
			isa = PBXTargetDependency;
			target = 39A940E02293F0840037A9E8 /* Landmark Image Book */;
			targetProxy = 39A940F62293F0840037A9E8 /* PBXContainerItemProxy */;
		};
		39A941022293F0840037A9E8 /* PBXTargetDependency */ = {
			isa = PBXTargetDependency;
			target = 39A940E02293F0840037A9E8 /* Landmark Image Book */;
			targetProxy = 39A941012293F0840037A9E8 /* PBXContainerItemProxy */;
		};
/* End PBXTargetDependency section */

/* Begin PBXVariantGroup section */
		39A940E82293F0840037A9E8 /* Main.storyboard */ = {
			isa = PBXVariantGroup;
			children = (
				39A940E92293F0840037A9E8 /* Base */,
			);
			name = Main.storyboard;
			sourceTree = "<group>";
		};
		39A940ED2293F0840037A9E8 /* LaunchScreen.storyboard */ = {
			isa = PBXVariantGroup;
			children = (
				39A940EE2293F0840037A9E8 /* Base */,
			);
			name = LaunchScreen.storyboard;
			sourceTree = "<group>";
		};
/* End PBXVariantGroup section */

/* Begin XCBuildConfiguration section */
		39A941072293F0840037A9E8 /* Debug */ = {
			isa = XCBuildConfiguration;
			buildSettings = {
				ALWAYS_SEARCH_USER_PATHS = NO;
				CLANG_ANALYZER_NONNULL = YES;
				CLANG_ANALYZER_NUMBER_OBJECT_CONVERSION = YES_AGGRESSIVE;
				CLANG_CXX_LANGUAGE_STANDARD = "gnu++14";
				CLANG_CXX_LIBRARY = "libc++";
				CLANG_ENABLE_MODULES = YES;
				CLANG_ENABLE_OBJC_ARC = YES;
				CLANG_ENABLE_OBJC_WEAK = YES;
				CLANG_WARN_BLOCK_CAPTURE_AUTORELEASING = YES;
				CLANG_WARN_BOOL_CONVERSION = YES;
				CLANG_WARN_COMMA = YES;
				CLANG_WARN_CONSTANT_CONVERSION = YES;
				CLANG_WARN_DEPRECATED_OBJC_IMPLEMENTATIONS = YES;
				CLANG_WARN_DIRECT_OBJC_ISA_USAGE = YES_ERROR;
				CLANG_WARN_DOCUMENTATION_COMMENTS = YES;
				CLANG_WARN_EMPTY_BODY = YES;
				CLANG_WARN_ENUM_CONVERSION = YES;
				CLANG_WARN_INFINITE_RECURSION = YES;
				CLANG_WARN_INT_CONVERSION = YES;
				CLANG_WARN_NON_LITERAL_NULL_CONVERSION = YES;
				CLANG_WARN_OBJC_IMPLICIT_RETAIN_SELF = YES;
				CLANG_WARN_OBJC_LITERAL_CONVERSION = YES;
				CLANG_WARN_OBJC_ROOT_CLASS = YES_ERROR;
				CLANG_WARN_RANGE_LOOP_ANALYSIS = YES;
				CLANG_WARN_STRICT_PROTOTYPES = YES;
				CLANG_WARN_SUSPICIOUS_MOVE = YES;
				CLANG_WARN_UNGUARDED_AVAILABILITY = YES_AGGRESSIVE;
				CLANG_WARN_UNREACHABLE_CODE = YES;
				CLANG_WARN__DUPLICATE_METHOD_MATCH = YES;
				CODE_SIGN_IDENTITY = "iPhone Developer";
				COPY_PHASE_STRIP = NO;
				DEBUG_INFORMATION_FORMAT = dwarf;
				ENABLE_STRICT_OBJC_MSGSEND = YES;
				ENABLE_TESTABILITY = YES;
				GCC_C_LANGUAGE_STANDARD = gnu11;
				GCC_DYNAMIC_NO_PIC = NO;
				GCC_NO_COMMON_BLOCKS = YES;
				GCC_OPTIMIZATION_LEVEL = 0;
				GCC_PREPROCESSOR_DEFINITIONS = (
					"DEBUG=1",
					"$(inherited)",
				);
				GCC_WARN_64_TO_32_BIT_CONVERSION = YES;
				GCC_WARN_ABOUT_RETURN_TYPE = YES_ERROR;
				GCC_WARN_UNDECLARED_SELECTOR = YES;
				GCC_WARN_UNINITIALIZED_AUTOS = YES_AGGRESSIVE;
				GCC_WARN_UNUSED_FUNCTION = YES;
				GCC_WARN_UNUSED_VARIABLE = YES;
				IPHONEOS_DEPLOYMENT_TARGET = 12.1;
				MTL_ENABLE_DEBUG_INFO = INCLUDE_SOURCE;
				MTL_FAST_MATH = YES;
				ONLY_ACTIVE_ARCH = YES;
				SDKROOT = iphoneos;
				SWIFT_ACTIVE_COMPILATION_CONDITIONS = DEBUG;
				SWIFT_OPTIMIZATION_LEVEL = "-Onone";
			};
			name = Debug;
		};
		39A941082293F0840037A9E8 /* Release */ = {
			isa = XCBuildConfiguration;
			buildSettings = {
				ALWAYS_SEARCH_USER_PATHS = NO;
				CLANG_ANALYZER_NONNULL = YES;
				CLANG_ANALYZER_NUMBER_OBJECT_CONVERSION = YES_AGGRESSIVE;
				CLANG_CXX_LANGUAGE_STANDARD = "gnu++14";
				CLANG_CXX_LIBRARY = "libc++";
				CLANG_ENABLE_MODULES = YES;
				CLANG_ENABLE_OBJC_ARC = YES;
				CLANG_ENABLE_OBJC_WEAK = YES;
				CLANG_WARN_BLOCK_CAPTURE_AUTORELEASING = YES;
				CLANG_WARN_BOOL_CONVERSION = YES;
				CLANG_WARN_COMMA = YES;
				CLANG_WARN_CONSTANT_CONVERSION = YES;
				CLANG_WARN_DEPRECATED_OBJC_IMPLEMENTATIONS = YES;
				CLANG_WARN_DIRECT_OBJC_ISA_USAGE = YES_ERROR;
				CLANG_WARN_DOCUMENTATION_COMMENTS = YES;
				CLANG_WARN_EMPTY_BODY = YES;
				CLANG_WARN_ENUM_CONVERSION = YES;
				CLANG_WARN_INFINITE_RECURSION = YES;
				CLANG_WARN_INT_CONVERSION = YES;
				CLANG_WARN_NON_LITERAL_NULL_CONVERSION = YES;
				CLANG_WARN_OBJC_IMPLICIT_RETAIN_SELF = YES;
				CLANG_WARN_OBJC_LITERAL_CONVERSION = YES;
				CLANG_WARN_OBJC_ROOT_CLASS = YES_ERROR;
				CLANG_WARN_RANGE_LOOP_ANALYSIS = YES;
				CLANG_WARN_STRICT_PROTOTYPES = YES;
				CLANG_WARN_SUSPICIOUS_MOVE = YES;
				CLANG_WARN_UNGUARDED_AVAILABILITY = YES_AGGRESSIVE;
				CLANG_WARN_UNREACHABLE_CODE = YES;
				CLANG_WARN__DUPLICATE_METHOD_MATCH = YES;
				CODE_SIGN_IDENTITY = "iPhone Developer";
				COPY_PHASE_STRIP = NO;
				DEBUG_INFORMATION_FORMAT = "dwarf-with-dsym";
				ENABLE_NS_ASSERTIONS = NO;
				ENABLE_STRICT_OBJC_MSGSEND = YES;
				GCC_C_LANGUAGE_STANDARD = gnu11;
				GCC_NO_COMMON_BLOCKS = YES;
				GCC_WARN_64_TO_32_BIT_CONVERSION = YES;
				GCC_WARN_ABOUT_RETURN_TYPE = YES_ERROR;
				GCC_WARN_UNDECLARED_SELECTOR = YES;
				GCC_WARN_UNINITIALIZED_AUTOS = YES_AGGRESSIVE;
				GCC_WARN_UNUSED_FUNCTION = YES;
				GCC_WARN_UNUSED_VARIABLE = YES;
				IPHONEOS_DEPLOYMENT_TARGET = 12.1;
				MTL_ENABLE_DEBUG_INFO = NO;
				MTL_FAST_MATH = YES;
				SDKROOT = iphoneos;
				SWIFT_COMPILATION_MODE = wholemodule;
				SWIFT_OPTIMIZATION_LEVEL = "-O";
				VALIDATE_PRODUCT = YES;
			};
			name = Release;
		};
		39A9410A2293F0840037A9E8 /* Debug */ = {
			isa = XCBuildConfiguration;
			buildSettings = {
				ASSETCATALOG_COMPILER_APPICON_NAME = AppIcon;
				CODE_SIGN_STYLE = Automatic;
				DEVELOPMENT_TEAM = 26ZA897QGK;
				INFOPLIST_FILE = "Landmark Image Book/Info.plist";
				LD_RUNPATH_SEARCH_PATHS = (
					"$(inherited)",
					"@executable_path/Frameworks",
				);
				PRODUCT_BUNDLE_IDENTIFIER = "fr.sesamevitale.cordonp.firstApp.Landmark-Image-Book";
				PRODUCT_NAME = "$(TARGET_NAME)";
				SWIFT_VERSION = 4.2;
				TARGETED_DEVICE_FAMILY = "1,2";
			};
			name = Debug;
		};
		39A9410B2293F0840037A9E8 /* Release */ = {
			isa = XCBuildConfiguration;
			buildSettings = {
				ASSETCATALOG_COMPILER_APPICON_NAME = AppIcon;
				CODE_SIGN_STYLE = Automatic;
				DEVELOPMENT_TEAM = 26ZA897QGK;
				INFOPLIST_FILE = "Landmark Image Book/Info.plist";
				LD_RUNPATH_SEARCH_PATHS = (
					"$(inherited)",
					"@executable_path/Frameworks",
				);
				PRODUCT_BUNDLE_IDENTIFIER = "fr.sesamevitale.cordonp.firstApp.Landmark-Image-Book";
				PRODUCT_NAME = "$(TARGET_NAME)";
				SWIFT_VERSION = 4.2;
				TARGETED_DEVICE_FAMILY = "1,2";
			};
			name = Release;
		};
		39A9410D2293F0840037A9E8 /* Debug */ = {
			isa = XCBuildConfiguration;
			buildSettings = {
				ALWAYS_EMBED_SWIFT_STANDARD_LIBRARIES = YES;
				BUNDLE_LOADER = "$(TEST_HOST)";
				CODE_SIGN_STYLE = Automatic;
				DEVELOPMENT_TEAM = 26ZA897QGK;
				INFOPLIST_FILE = "Landmark Image BookTests/Info.plist";
				LD_RUNPATH_SEARCH_PATHS = (
					"$(inherited)",
					"@executable_path/Frameworks",
					"@loader_path/Frameworks",
				);
				PRODUCT_BUNDLE_IDENTIFIER = "fr.sesamevitale.cordonp.firstApp.Landmark-Image-BookTests";
				PRODUCT_NAME = "$(TARGET_NAME)";
				SWIFT_VERSION = 4.2;
				TARGETED_DEVICE_FAMILY = "1,2";
				TEST_HOST = "$(BUILT_PRODUCTS_DIR)/Landmark Image Book.app/Landmark Image Book";
			};
			name = Debug;
		};
		39A9410E2293F0840037A9E8 /* Release */ = {
			isa = XCBuildConfiguration;
			buildSettings = {
				ALWAYS_EMBED_SWIFT_STANDARD_LIBRARIES = YES;
				BUNDLE_LOADER = "$(TEST_HOST)";
				CODE_SIGN_STYLE = Automatic;
				DEVELOPMENT_TEAM = 26ZA897QGK;
				INFOPLIST_FILE = "Landmark Image BookTests/Info.plist";
				LD_RUNPATH_SEARCH_PATHS = (
					"$(inherited)",
					"@executable_path/Frameworks",
					"@loader_path/Frameworks",
				);
				PRODUCT_BUNDLE_IDENTIFIER = "fr.sesamevitale.cordonp.firstApp.Landmark-Image-BookTests";
				PRODUCT_NAME = "$(TARGET_NAME)";
				SWIFT_VERSION = 4.2;
				TARGETED_DEVICE_FAMILY = "1,2";
				TEST_HOST = "$(BUILT_PRODUCTS_DIR)/Landmark Image Book.app/Landmark Image Book";
			};
			name = Release;
		};
		39A941102293F0840037A9E8 /* Debug */ = {
			isa = XCBuildConfiguration;
			buildSettings = {
				ALWAYS_EMBED_SWIFT_STANDARD_LIBRARIES = YES;
				CODE_SIGN_STYLE = Automatic;
				DEVELOPMENT_TEAM = 26ZA897QGK;
				INFOPLIST_FILE = "Landmark Image BookUITests/Info.plist";
				LD_RUNPATH_SEARCH_PATHS = (
					"$(inherited)",
					"@executable_path/Frameworks",
					"@loader_path/Frameworks",
				);
				PRODUCT_BUNDLE_IDENTIFIER = "fr.sesamevitale.cordonp.firstApp.Landmark-Image-BookUITests";
				PRODUCT_NAME = "$(TARGET_NAME)";
				SWIFT_VERSION = 4.2;
				TARGETED_DEVICE_FAMILY = "1,2";
				TEST_TARGET_NAME = "Landmark Image Book";
			};
			name = Debug;
		};
		39A941112293F0840037A9E8 /* Release */ = {
			isa = XCBuildConfiguration;
			buildSettings = {
				ALWAYS_EMBED_SWIFT_STANDARD_LIBRARIES = YES;
				CODE_SIGN_STYLE = Automatic;
				DEVELOPMENT_TEAM = 26ZA897QGK;
				INFOPLIST_FILE = "Landmark Image BookUITests/Info.plist";
				LD_RUNPATH_SEARCH_PATHS = (
					"$(inherited)",
					"@executable_path/Frameworks",
					"@loader_path/Frameworks",
				);
				PRODUCT_BUNDLE_IDENTIFIER = "fr.sesamevitale.cordonp.firstApp.Landmark-Image-BookUITests";
				PRODUCT_NAME = "$(TARGET_NAME)";
				SWIFT_VERSION = 4.2;
				TARGETED_DEVICE_FAMILY = "1,2";
				TEST_TARGET_NAME = "Landmark Image Book";
			};
			name = Release;
		};
/* End XCBuildConfiguration section */

/* Begin XCConfigurationList section */
		39A940DC2293F0840037A9E8 /* Build configuration list for PBXProject "Landmark Image Book" */ = {
			isa = XCConfigurationList;
			buildConfigurations = (
				39A941072293F0840037A9E8 /* Debug */,
				39A941082293F0840037A9E8 /* Release */,
			);
			defaultConfigurationIsVisible = 0;
			defaultConfigurationName = Release;
		};
		39A941092293F0840037A9E8 /* Build configuration list for PBXNativeTarget "Landmark Image Book" */ = {
			isa = XCConfigurationList;
			buildConfigurations = (
				39A9410A2293F0840037A9E8 /* Debug */,
				39A9410B2293F0840037A9E8 /* Release */,
			);
			defaultConfigurationIsVisible = 0;
			defaultConfigurationName = Release;
		};
		39A9410C2293F0840037A9E8 /* Build configuration list for PBXNativeTarget "Landmark Image BookTests" */ = {
			isa = XCConfigurationList;
			buildConfigurations = (
				39A9410D2293F0840037A9E8 /* Debug */,
				39A9410E2293F0840037A9E8 /* Release */,
			);
			defaultConfigurationIsVisible = 0;
			defaultConfigurationName = Release;
		};
		39A9410F2293F0840037A9E8 /* Build configuration list for PBXNativeTarget "Landmark Image BookUITests" */ = {
			isa = XCConfigurationList;
			buildConfigurations = (
				39A941102293F0840037A9E8 /* Debug */,
				39A941112293F0840037A9E8 /* Release */,
			);
			defaultConfigurationIsVisible = 0;
			defaultConfigurationName = Release;
		};
/* End XCConfigurationList section */
	};
	rootObject = 39A940D92293F0840037A9E8 /* Project object */;
}
